
Microsoft Visual Studio Solution File, Format Version 12.00
# Visual Studio Version 17
VisualStudioVersion = 17.3.32819.101
MinimumVisualStudioVersion = 10.0.40219.1
Project("{8BC9CEB8-8B4A-11D0-8D11-00A0C91BC942}") = "QtApplication1", "QtApplication1\QtApplication1.vcxproj", "{E6E1C4D1-CB49-4588-ADA4-552ECDBC8C31}"
EndProject
Global
	GlobalSection(SolutionConfigurationPlatforms) = preSolution
		Debug|x64 = Debug|x64
		Release|x64 = Release|x64
	EndGlobalSection
	GlobalSection(ProjectConfigurationPlatforms) = postSolution
		{E6E1C4D1-CB49-4588-ADA4-552ECDBC8C31}.Debug|x64.ActiveCfg = Debug|x64
		{E6E1C4D1-CB49-4588-ADA4-552ECDBC8C31}.Debug|x64.Build.0 = Debug|x64
		{E6E1C4D1-CB49-4588-ADA4-552ECDBC8C31}.Release|x64.ActiveCfg = Release|x64
		{E6E1C4D1-CB49-4588-ADA4-552ECDBC8C31}.Release|x64.Build.0 = Release|x64
	EndGlobalSection
	GlobalSection(SolutionProperties) = preSolution
		HideSolutionNode = FALSE
	EndGlobalSection
	GlobalSection(ExtensibilityGlobals) = postSolution
		SolutionGuid = {74928FD5-2B7C-4362-97D6-901CCDD98F25}
	EndGlobalSection
EndGlobal
